// !$*UTF8*$!
{
	archiveVersion = 1;
	classes = {
	};
	objectVersion = 56;
	objects = {

/* Begin PBXBuildFile section */
		E198C1852AE03C4000AF91DC /* HabitsTrackerApp.swift in Sources */ = {isa = PBXBuildFile; fileRef = E198C1842AE03C4000AF91DC /* HabitsTrackerApp.swift */; };
		E198C1872AE03C4000AF91DC /* ContentView.swift in Sources */ = {isa = PBXBuildFile; fileRef = E198C1862AE03C4000AF91DC /* ContentView.swift */; };
		E198C1892AE03C4300AF91DC /* Assets.xcassets in Resources */ = {isa = PBXBuildFile; fileRef = E198C1882AE03C4300AF91DC /* Assets.xcassets */; };
		E198C18C2AE03C4300AF91DC /* Preview Assets.xcassets in Resources */ = {isa = PBXBuildFile; fileRef = E198C18B2AE03C4300AF91DC /* Preview Assets.xcassets */; };
		E198C1932AE03C9800AF91DC /* DateFormatter.swift in Sources */ = {isa = PBXBuildFile; fileRef = E198C1922AE03C9800AF91DC /* DateFormatter.swift */; };
		E198C1952AE03CC300AF91DC /* Habit.swift in Sources */ = {isa = PBXBuildFile; fileRef = E198C1942AE03CC300AF91DC /* Habit.swift */; };
		E198C1972AE03CE400AF91DC /* UserDefaults.swift in Sources */ = {isa = PBXBuildFile; fileRef = E198C1962AE03CE400AF91DC /* UserDefaults.swift */; };
		E198C1992AE03CF800AF91DC /* HabitDetailView.swift in Sources */ = {isa = PBXBuildFile; fileRef = E198C1982AE03CF800AF91DC /* HabitDetailView.swift */; };
		E198C19B2AE03D2F00AF91DC /* EditHabitView.swift in Sources */ = {isa = PBXBuildFile; fileRef = E198C19A2AE03D2F00AF91DC /* EditHabitView.swift */; };
		E198C19D2AE03D5500AF91DC /* AddHabitView.swift in Sources */ = {isa = PBXBuildFile; fileRef = E198C19C2AE03D5500AF91DC /* AddHabitView.swift */; };
/* End PBXBuildFile section */

/* Begin PBXFileReference section */
		E198C1812AE03C4000AF91DC /* HabitsTracker.app */ = {isa = PBXFileReference; explicitFileType = wrapper.application; includeInIndex = 0; path = HabitsTracker.app; sourceTree = BUILT_PRODUCTS_DIR; };
		E198C1842AE03C4000AF91DC /* HabitsTrackerApp.swift */ = {isa = PBXFileReference; lastKnownFileType = sourcecode.swift; path = HabitsTrackerApp.swift; sourceTree = "<group>"; };
		E198C1862AE03C4000AF91DC /* ContentView.swift */ = {isa = PBXFileReference; lastKnownFileType = sourcecode.swift; path = ContentView.swift; sourceTree = "<group>"; };
		E198C1882AE03C4300AF91DC /* Assets.xcassets */ = {isa = PBXFileReference; lastKnownFileType = folder.assetcatalog; path = Assets.xcassets; sourceTree = "<group>"; };
		E198C18B2AE03C4300AF91DC /* Preview Assets.xcassets */ = {isa = PBXFileReference; lastKnownFileType = folder.assetcatalog; path = "Preview Assets.xcassets"; sourceTree = "<group>"; };
		E198C1922AE03C9800AF91DC /* DateFormatter.swift */ = {isa = PBXFileReference; lastKnownFileType = sourcecode.swift; path = DateFormatter.swift; sourceTree = "<group>"; };
		E198C1942AE03CC300AF91DC /* Habit.swift */ = {isa = PBXFileReference; lastKnownFileType = sourcecode.swift; path = Habit.swift; sourceTree = "<group>"; };
		E198C1962AE03CE400AF91DC /* UserDefaults.swift */ = {isa = PBXFileReference; lastKnownFileType = sourcecode.swift; path = UserDefaults.swift; sourceTree = "<group>"; };
		E198C1982AE03CF800AF91DC /* HabitDetailView.swift */ = {isa = PBXFileReference; lastKnownFileType = sourcecode.swift; path = HabitDetailView.swift; sourceTree = "<group>"; };
		E198C19A2AE03D2F00AF91DC /* EditHabitView.swift */ = {isa = PBXFileReference; lastKnownFileType = sourcecode.swift; path = EditHabitView.swift; sourceTree = "<group>"; };
		E198C19C2AE03D5500AF91DC /* AddHabitView.swift */ = {isa = PBXFileReference; lastKnownFileType = sourcecode.swift; path = AddHabitView.swift; sourceTree = "<group>"; };
/* End PBXFileReference section */

/* Begin PBXFrameworksBuildPhase section */
		E198C17E2AE03C4000AF91DC /* Frameworks */ = {
			isa = PBXFrameworksBuildPhase;
			buildActionMask = 2147483647;
			files = (
			);
			runOnlyForDeploymentPostprocessing = 0;
		};
/* End PBXFrameworksBuildPhase section */

/* Begin PBXGroup section */
		E198C1782AE03C4000AF91DC = {
			isa = PBXGroup;
			children = (
				E198C1832AE03C4000AF91DC /* HabitsTracker */,
				E198C1822AE03C4000AF91DC /* Products */,
			);
			sourceTree = "<group>";
		};
		E198C1822AE03C4000AF91DC /* Products */ = {
			isa = PBXGroup;
			children = (
				E198C1812AE03C4000AF91DC /* HabitsTracker.app */,
			);
			name = Products;
			sourceTree = "<group>";
		};
		E198C1832AE03C4000AF91DC /* HabitsTracker */ = {
			isa = PBXGroup;
			children = (
				E198C1922AE03C9800AF91DC /* DateFormatter.swift */,
				E198C19A2AE03D2F00AF91DC /* EditHabitView.swift */,
				E198C19C2AE03D5500AF91DC /* AddHabitView.swift */,
				E198C1942AE03CC300AF91DC /* Habit.swift */,
				E198C1962AE03CE400AF91DC /* UserDefaults.swift */,
				E198C1982AE03CF800AF91DC /* HabitDetailView.swift */,
				E198C1842AE03C4000AF91DC /* HabitsTrackerApp.swift */,
				E198C1862AE03C4000AF91DC /* ContentView.swift */,
				E198C1882AE03C4300AF91DC /* Assets.xcassets */,
				E198C18A2AE03C4300AF91DC /* Preview Content */,
			);
			path = HabitsTracker;
			sourceTree = "<group>";
		};
		E198C18A2AE03C4300AF91DC /* Preview Content */ = {
			isa = PBXGroup;
			children = (
				E198C18B2AE03C4300AF91DC /* Preview Assets.xcassets */,
			);
			path = "Preview Content";
			sourceTree = "<group>";
		};
/* End PBXGroup section */

/* Begin PBXNativeTarget section */
		E198C1802AE03C4000AF91DC /* HabitsTracker */ = {
			isa = PBXNativeTarget;
			buildConfigurationList = E198C18F2AE03C4300AF91DC /* Build configuration list for PBXNativeTarget "HabitsTracker" */;
			buildPhases = (
				E198C17D2AE03C4000AF91DC /* Sources */,
				E198C17E2AE03C4000AF91DC /* Frameworks */,
				E198C17F2AE03C4000AF91DC /* Resources */,
			);
			buildRules = (
			);
			dependencies = (
			);
			name = HabitsTracker;
			productName = HabitsTracker;
			productReference = E198C1812AE03C4000AF91DC /* HabitsTracker.app */;
			productType = "com.apple.product-type.application";
		};
/* End PBXNativeTarget section */

/* Begin PBXProject section */
		E198C1792AE03C4000AF91DC /* Project object */ = {
			isa = PBXProject;
			attributes = {
				BuildIndependentTargetsInParallel = 1;
				LastSwiftUpdateCheck = 1500;
				LastUpgradeCheck = 1500;
				TargetAttributes = {
					E198C1802AE03C4000AF91DC = {
						CreatedOnToolsVersion = 15.0;
					};
				};
			};
			buildConfigurationList = E198C17C2AE03C4000AF91DC /* Build configuration list for PBXProject "HabitsTracker" */;
			compatibilityVersion = "Xcode 14.0";
			developmentRegion = en;
			hasScannedForEncodings = 0;
			knownRegions = (
				en,
				Base,
			);
			mainGroup = E198C1782AE03C4000AF91DC;
			productRefGroup = E198C1822AE03C4000AF91DC /* Products */;
			projectDirPath = "";
			projectRoot = "";
			targets = (
				E198C1802AE03C4000AF91DC /* HabitsTracker */,
			);
		};
/* End PBXProject section */

/* Begin PBXResourcesBuildPhase section */
		E198C17F2AE03C4000AF91DC /* Resources */ = {
			isa = PBXResourcesBuildPhase;
			buildActionMask = 2147483647;
			files = (
				E198C18C2AE03C4300AF91DC /* Preview Assets.xcassets in Resources */,
				E198C1892AE03C4300AF91DC /* Assets.xcassets in Resources */,
			);
			runOnlyForDeploymentPostprocessing = 0;
		};
/* End PBXResourcesBuildPhase section */

/* Begin PBXSourcesBuildPhase section */
		E198C17D2AE03C4000AF91DC /* Sources */ = {
			isa = PBXSourcesBuildPhase;
			buildActionMask = 2147483647;
			files = (
				E198C1932AE03C9800AF91DC /* DateFormatter.swift in Sources */,
				E198C19D2AE03D5500AF91DC /* AddHabitView.swift in Sources */,
				E198C1972AE03CE400AF91DC /* UserDefaults.swift in Sources */,
				E198C1992AE03CF800AF91DC /* HabitDetailView.swift in Sources */,
				E198C19B2AE03D2F00AF91DC /* EditHabitView.swift in Sources */,
				E198C1872AE03C4000AF91DC /* ContentView.swift in Sources */,
				E198C1952AE03CC300AF91DC /* Habit.swift in Sources */,
				E198C1852AE03C4000AF91DC /* HabitsTrackerApp.swift in Sources */,
			);
			runOnlyForDeploymentPostprocessing = 0;
		};
/* End PBXSourcesBuildPhase section */

/* Begin XCBuildConfiguration section */
		E198C18D2AE03C4300AF91DC /* Debug */ = {
			isa = XCBuildConfiguration;
			buildSettings = {
				ALWAYS_SEARCH_USER_PATHS = NO;
				ASSETCATALOG_COMPILER_GENERATE_SWIFT_ASSET_SYMBOL_EXTENSIONS = YES;
				CLANG_ANALYZER_NONNULL = YES;
				CLANG_ANALYZER_NUMBER_OBJECT_CONVERSION = YES_AGGRESSIVE;
				CLANG_CXX_LANGUAGE_STANDARD = "gnu++20";
				CLANG_ENABLE_MODULES = YES;
				CLANG_ENABLE_OBJC_ARC = YES;
				CLANG_ENABLE_OBJC_WEAK = YES;
				CLANG_WARN_BLOCK_CAPTURE_AUTORELEASING = YES;
				CLANG_WARN_BOOL_CONVERSION = YES;
				CLANG_WARN_COMMA = YES;
				CLANG_WARN_CONSTANT_CONVERSION = YES;
				CLANG_WARN_DEPRECATED_OBJC_IMPLEMENTATIONS = YES;
				CLANG_WARN_DIRECT_OBJC_ISA_USAGE = YES_ERROR;
				CLANG_WARN_DOCUMENTATION_COMMENTS = YES;
				CLANG_WARN_EMPTY_BODY = YES;
				CLANG_WARN_ENUM_CONVERSION = YES;
				CLANG_WARN_INFINITE_RECURSION = YES;
				CLANG_WARN_INT_CONVERSION = YES;
				CLANG_WARN_NON_LITERAL_NULL_CONVERSION = YES;
				CLANG_WARN_OBJC_IMPLICIT_RETAIN_SELF = YES;
				CLANG_WARN_OBJC_LITERAL_CONVERSION = YES;
				CLANG_WARN_OBJC_ROOT_CLASS = YES_ERROR;
				CLANG_WARN_QUOTED_INCLUDE_IN_FRAMEWORK_HEADER = YES;
				CLANG_WARN_RANGE_LOOP_ANALYSIS = YES;
				CLANG_WARN_STRICT_PROTOTYPES = YES;
				CLANG_WARN_SUSPICIOUS_MOVE = YES;
				CLANG_WARN_UNGUARDED_AVAILABILITY = YES_AGGRESSIVE;
				CLANG_WARN_UNREACHABLE_CODE = YES;
				CLANG_WARN__DUPLICATE_METHOD_MATCH = YES;
				COPY_PHASE_STRIP = NO;
				DEBUG_INFORMATION_FORMAT = dwarf;
				ENABLE_STRICT_OBJC_MSGSEND = YES;
				ENABLE_TESTABILITY = YES;
				ENABLE_USER_SCRIPT_SANDBOXING = YES;
				GCC_C_LANGUAGE_STANDARD = gnu17;
				GCC_DYNAMIC_NO_PIC = NO;
				GCC_NO_COMMON_BLOCKS = YES;
				GCC_OPTIMIZATION_LEVEL = 0;
				GCC_PREPROCESSOR_DEFINITIONS = (
					"DEBUG=1",
					"$(inherited)",
				);
				GCC_WARN_64_TO_32_BIT_CONVERSION = YES;
				GCC_WARN_ABOUT_RETURN_TYPE = YES_ERROR;
				GCC_WARN_UNDECLARED_SELECTOR = YES;
				GCC_WARN_UNINITIALIZED_AUTOS = YES_AGGRESSIVE;
				GCC_WARN_UNUSED_FUNCTION = YES;
				GCC_WARN_UNUSED_VARIABLE = YES;
				IPHONEOS_DEPLOYMENT_TARGET = 17.0;
				LOCALIZATION_PREFERS_STRING_CATALOGS = YES;
				MTL_ENABLE_DEBUG_INFO = INCLUDE_SOURCE;
				MTL_FAST_MATH = YES;
				ONLY_ACTIVE_ARCH = YES;
				SDKROOT = iphoneos;
				SWIFT_ACTIVE_COMPILATION_CONDITIONS = "DEBUG $(inherited)";
				SWIFT_OPTIMIZATION_LEVEL = "-Onone";
			};
			name = Debug;
		};
		E198C18E2AE03C4300AF91DC /* Release */ = {
			isa = XCBuildConfiguration;
			buildSettings = {
				ALWAYS_SEARCH_USER_PATHS = NO;
				ASSETCATALOG_COMPILER_GENERATE_SWIFT_ASSET_SYMBOL_EXTENSIONS = YES;
				CLANG_ANALYZER_NONNULL = YES;
				CLANG_ANALYZER_NUMBER_OBJECT_CONVERSION = YES_AGGRESSIVE;
				CLANG_CXX_LANGUAGE_STANDARD = "gnu++20";
				CLANG_ENABLE_MODULES = YES;
				CLANG_ENABLE_OBJC_ARC = YES;
				CLANG_ENABLE_OBJC_WEAK = YES;
				CLANG_WARN_BLOCK_CAPTURE_AUTORELEASING = YES;
				CLANG_WARN_BOOL_CONVERSION = YES;
				CLANG_WARN_COMMA = YES;
				CLANG_WARN_CONSTANT_CONVERSION = YES;
				CLANG_WARN_DEPRECATED_OBJC_IMPLEMENTATIONS = YES;
				CLANG_WARN_DIRECT_OBJC_ISA_USAGE = YES_ERROR;
				CLANG_WARN_DOCUMENTATION_COMMENTS = YES;
				CLANG_WARN_EMPTY_BODY = YES;
				CLANG_WARN_ENUM_CONVERSION = YES;
				CLANG_WARN_INFINITE_RECURSION = YES;
				CLANG_WARN_INT_CONVERSION = YES;
				CLANG_WARN_NON_LITERAL_NULL_CONVERSION = YES;
				CLANG_WARN_OBJC_IMPLICIT_RETAIN_SELF = YES;
				CLANG_WARN_OBJC_LITERAL_CONVERSION = YES;
				CLANG_WARN_OBJC_ROOT_CLASS = YES_ERROR;
				CLANG_WARN_QUOTED_INCLUDE_IN_FRAMEWORK_HEADER = YES;
				CLANG_WARN_RANGE_LOOP_ANALYSIS = YES;
				CLANG_WARN_STRICT_PROTOTYPES = YES;
				CLANG_WARN_SUSPICIOUS_MOVE = YES;
				CLANG_WARN_UNGUARDED_AVAILABILITY = YES_AGGRESSIVE;
				CLANG_WARN_UNREACHABLE_CODE = YES;
				CLANG_WARN__DUPLICATE_METHOD_MATCH = YES;
				COPY_PHASE_STRIP = NO;
				DEBUG_INFORMATION_FORMAT = "dwarf-with-dsym";
				ENABLE_NS_ASSERTIONS = NO;
				ENABLE_STRICT_OBJC_MSGSEND = YES;
				ENABLE_USER_SCRIPT_SANDBOXING = YES;
				GCC_C_LANGUAGE_STANDARD = gnu17;
				GCC_NO_COMMON_BLOCKS = YES;
				GCC_WARN_64_TO_32_BIT_CONVERSION = YES;
				GCC_WARN_ABOUT_RETURN_TYPE = YES_ERROR;
				GCC_WARN_UNDECLARED_SELECTOR = YES;
				GCC_WARN_UNINITIALIZED_AUTOS = YES_AGGRESSIVE;
				GCC_WARN_UNUSED_FUNCTION = YES;
				GCC_WARN_UNUSED_VARIABLE = YES;
				IPHONEOS_DEPLOYMENT_TARGET = 17.0;
				LOCALIZATION_PREFERS_STRING_CATALOGS = YES;
				MTL_ENABLE_DEBUG_INFO = NO;
				MTL_FAST_MATH = YES;
				SDKROOT = iphoneos;
				SWIFT_COMPILATION_MODE = wholemodule;
				VALIDATE_PRODUCT = YES;
			};
			name = Release;
		};
		E198C1902AE03C4300AF91DC /* Debug */ = {
			isa = XCBuildConfiguration;
			buildSettings = {
				ASSETCATALOG_COMPILER_APPICON_NAME = AppIcon;
				ASSETCATALOG_COMPILER_GLOBAL_ACCENT_COLOR_NAME = AccentColor;
				CODE_SIGN_IDENTITY = "Apple Development";
				CODE_SIGN_STYLE = Automatic;
				CURRENT_PROJECT_VERSION = 1;
				DEVELOPMENT_ASSET_PATHS = "\"HabitsTracker/Preview Content\"";
				DEVELOPMENT_TEAM = SVYABJ5TLK;
				ENABLE_PREVIEWS = YES;
				GENERATE_INFOPLIST_FILE = YES;
				INFOPLIST_KEY_UIApplicationSceneManifest_Generation = YES;
				INFOPLIST_KEY_UIApplicationSupportsIndirectInputEvents = YES;
				INFOPLIST_KEY_UILaunchScreen_Generation = YES;
				INFOPLIST_KEY_UISupportedInterfaceOrientations_iPad = "UIInterfaceOrientationPortrait UIInterfaceOrientationPortraitUpsideDown UIInterfaceOrientationLandscapeLeft UIInterfaceOrientationLandscapeRight";
				INFOPLIST_KEY_UISupportedInterfaceOrientations_iPhone = "UIInterfaceOrientationPortrait UIInterfaceOrientationLandscapeLeft UIInterfaceOrientationLandscapeRight";
				LD_RUNPATH_SEARCH_PATHS = (
					"$(inherited)",
					"@executable_path/Frameworks",
				);
				MARKETING_VERSION = 1.0;
				PRODUCT_BUNDLE_IDENTIFIER = "Atsuya-Yamamoto.HabitsTracker";
				PRODUCT_NAME = "$(TARGET_NAME)";
				PROVISIONING_PROFILE_SPECIFIER = "";
				SWIFT_EMIT_LOC_STRINGS = YES;
				SWIFT_VERSION = 5.0;
				TARGETED_DEVICE_FAMILY = "1,2";
			};
			name = Debug;
		};
		E198C1912AE03C4300AF91DC /* Release */ = {
			isa = XCBuildConfiguration;
			buildSettings = {
				ASSETCATALOG_COMPILER_APPICON_NAME = AppIcon;
				ASSETCATALOG_COMPILER_GLOBAL_ACCENT_COLOR_NAME = AccentColor;
				CODE_SIGN_IDENTITY = "Apple Development";
				CODE_SIGN_STYLE = Automatic;
				CURRENT_PROJECT_VERSION = 1;
				DEVELOPMENT_ASSET_PATHS = "\"HabitsTracker/Preview Content\"";
				DEVELOPMENT_TEAM = SVYABJ5TLK;
				ENABLE_PREVIEWS = YES;
				GENERATE_INFOPLIST_FILE = YES;
				INFOPLIST_KEY_UIApplicationSceneManifest_Generation = YES;
				INFOPLIST_KEY_UIApplicationSupportsIndirectInputEvents = YES;
				INFOPLIST_KEY_UILaunchScreen_Generation = YES;
				INFOPLIST_KEY_UISupportedInterfaceOrientations_iPad = "UIInterfaceOrientationPortrait UIInterfaceOrientationPortraitUpsideDown UIInterfaceOrientationLandscapeLeft UIInterfaceOrientationLandscapeRight";
				INFOPLIST_KEY_UISupportedInterfaceOrientations_iPhone = "UIInterfaceOrientationPortrait UIInterfaceOrientationLandscapeLeft UIInterfaceOrientationLandscapeRight";
				LD_RUNPATH_SEARCH_PATHS = (
					"$(inherited)",
					"@executable_path/Frameworks",
				);
				MARKETING_VERSION = 1.0;
				PRODUCT_BUNDLE_IDENTIFIER = "Atsuya-Yamamoto.HabitsTracker";
				PRODUCT_NAME = "$(TARGET_NAME)";
				PROVISIONING_PROFILE_SPECIFIER = "";
				SWIFT_EMIT_LOC_STRINGS = YES;
				SWIFT_VERSION = 5.0;
				TARGETED_DEVICE_FAMILY = "1,2";
			};
			name = Release;
		};
/* End XCBuildConfiguration section */

/* Begin XCConfigurationList section */
		E198C17C2AE03C4000AF91DC /* Build configuration list for PBXProject "HabitsTracker" */ = {
			isa = XCConfigurationList;
			buildConfigurations = (
				E198C18D2AE03C4300AF91DC /* Debug */,
				E198C18E2AE03C4300AF91DC /* Release */,
			);
			defaultConfigurationIsVisible = 0;
			defaultConfigurationName = Release;
		};
		E198C18F2AE03C4300AF91DC /* Build configuration list for PBXNativeTarget "HabitsTracker" */ = {
			isa = XCConfigurationList;
			buildConfigurations = (
				E198C1902AE03C4300AF91DC /* Debug */,
				E198C1912AE03C4300AF91DC /* Release */,
			);
			defaultConfigurationIsVisible = 0;
			defaultConfigurationName = Release;
		};
/* End XCConfigurationList section */
	};
	rootObject = E198C1792AE03C4000AF91DC /* Project object */;
}
